
Microsoft Visual Studio Solution File, Format Version 12.00
# Visual Studio Version 16
VisualStudioVersion = 16.0.30804.86
MinimumVisualStudioVersion = 10.0.40219.1
Project("{9A19103F-16F7-4668-BE54-9A1E7A4F7556}") = "StudentManagementSystem.Website", "StudentManagementSystem.Website\StudentManagementSystem.Website.csproj", "{520E52C6-FE37-4D71-B6A5-9CA0EBE2FA5C}"
EndProject
Project("{FAE04EC0-301F-11D3-BF4B-00C04F79EFBC}") = "StudentManagementSystemLibrary", "StudentManagementSystemLibrary\StudentManagementSystemLibrary.csproj", "{B1416ED3-6C4C-4505-8DCE-D9516E272C0E}"
EndProject
Global
	GlobalSection(SolutionConfigurationPlatforms) = preSolution
		Debug|Any CPU = Debug|Any CPU
		Release|Any CPU = Release|Any CPU
	EndGlobalSection
	GlobalSection(ProjectConfigurationPlatforms) = postSolution
		{520E52C6-FE37-4D71-B6A5-9CA0EBE2FA5C}.Debug|Any CPU.ActiveCfg = Debug|Any CPU
		{520E52C6-FE37-4D71-B6A5-9CA0EBE2FA5C}.Debug|Any CPU.Build.0 = Debug|Any CPU
		{520E52C6-FE37-4D71-B6A5-9CA0EBE2FA5C}.Release|Any CPU.ActiveCfg = Release|Any CPU
		{520E52C6-FE37-4D71-B6A5-9CA0EBE2FA5C}.Release|Any CPU.Build.0 = Release|Any CPU
		{B1416ED3-6C4C-4505-8DCE-D9516E272C0E}.Debug|Any CPU.ActiveCfg = Debug|Any CPU
		{B1416ED3-6C4C-4505-8DCE-D9516E272C0E}.Debug|Any CPU.Build.0 = Debug|Any CPU
		{B1416ED3-6C4C-4505-8DCE-D9516E272C0E}.Release|Any CPU.ActiveCfg = Release|Any CPU
		{B1416ED3-6C4C-4505-8DCE-D9516E272C0E}.Release|Any CPU.Build.0 = Release|Any CPU
	EndGlobalSection
	GlobalSection(SolutionProperties) = preSolution
		HideSolutionNode = FALSE
	EndGlobalSection
	GlobalSection(ExtensibilityGlobals) = postSolution
		SolutionGuid = {F5A0E818-94F5-4CFB-9833-BDCAE3FF5447}
	EndGlobalSection
EndGlobal
